// !$*UTF8*$!
{
	archiveVersion = 1;
	classes = {
	};
	objectVersion = 56;
	objects = {

/* Begin PBXBuildFile section */
		616C59ED2E3928D4000379AD /* PseudoMainView.swift in Sources */ = {isa = PBXBuildFile; fileRef = 616C59E92E3928D4000379AD /* PseudoMainView.swift */; };
		616C59EE2E3928D4000379AD /* HorusAIView.swift in Sources */ = {isa = PBXBuildFile; fileRef = 616C59EA2E3928D4000379AD /* HorusAIView.swift */; };
		616C59EF2E3928D4000379AD /* ObjectFrame.swift in Sources */ = {isa = PBXBuildFile; fileRef = 616C59EB2E3928D4000379AD /* ObjectFrame.swift */; };
		616C59F02E3928D4000379AD /* CameraView.swift in Sources */ = {isa = PBXBuildFile; fileRef = 616C59EC2E3928D4000379AD /* CameraView.swift */; };
		616C59F52E3928E9000379AD /* YOLO.swift in Sources */ = {isa = PBXBuildFile; fileRef = 616C59F12E3928E9000379AD /* YOLO.swift */; };
		616C59F62E3928E9000379AD /* Speecher.swift in Sources */ = {isa = PBXBuildFile; fileRef = 616C59F22E3928E9000379AD /* Speecher.swift */; };
		616C59F72E3928E9000379AD /* GPSAPI.swift in Sources */ = {isa = PBXBuildFile; fileRef = 616C59F32E3928E9000379AD /* GPSAPI.swift */; };
		616C59F82E3928E9000379AD /* GeminiApp.swift in Sources */ = {isa = PBXBuildFile; fileRef = 616C59F42E3928E9000379AD /* GeminiApp.swift */; };
		616C59FA2E3928F6000379AD /* HorusAIShader.metal in Sources */ = {isa = PBXBuildFile; fileRef = 616C59F92E3928F6000379AD /* HorusAIShader.metal */; };
		61A26CB22E3A7F5000617DE4 /* MainView.swift in Sources */ = {isa = PBXBuildFile; fileRef = 61A26CB02E3A7F5000617DE4 /* MainView.swift */; };
		61A26CB32E3A7F5000617DE4 /* SettingsView.swift in Sources */ = {isa = PBXBuildFile; fileRef = 61A26CB12E3A7F5000617DE4 /* SettingsView.swift */; };
		61A26CB92E3A7F8000617DE4 /* ConfigurationManager.swift in Sources */ = {isa = PBXBuildFile; fileRef = 61A26CB72E3A7F8000617DE4 /* ConfigurationManager.swift */; };
		61A26CBC2E3AA22F00617DE4 /* HistoricoView.swift in Sources */ = {isa = PBXBuildFile; fileRef = 61A26CBA2E3AA22F00617DE4 /* HistoricoView.swift */; };
		61A26CBD2E3AA22F00617DE4 /* AjudaView.swift in Sources */ = {isa = PBXBuildFile; fileRef = 61A26CBB2E3AA22F00617DE4 /* AjudaView.swift */; };
		61E554EB2E37E2FE0083CF88 /* HorusAIApp.swift in Sources */ = {isa = PBXBuildFile; fileRef = 61E554EA2E37E2FE0083CF88 /* HorusAIApp.swift */; };
		61E554EF2E37E3000083CF88 /* Assets.xcassets in Resources */ = {isa = PBXBuildFile; fileRef = 61E554EE2E37E3000083CF88 /* Assets.xcassets */; };
		61E554F22E37E3000083CF88 /* Preview Assets.xcassets in Resources */ = {isa = PBXBuildFile; fileRef = 61E554F12E37E3000083CF88 /* Preview Assets.xcassets */; };
		61E555052E37E4140083CF88 /* YOLOv3.mlmodel in Sources */ = {isa = PBXBuildFile; fileRef = 61E555032E37E4140083CF88 /* YOLOv3.mlmodel */; };
/* End PBXBuildFile section */

/* Begin PBXFileReference section */
		616C59E92E3928D4000379AD /* PseudoMainView.swift */ = {isa = PBXFileReference; fileEncoding = 4; lastKnownFileType = sourcecode.swift; path = PseudoMainView.swift; sourceTree = "<group>"; };
		616C59EA2E3928D4000379AD /* HorusAIView.swift */ = {isa = PBXFileReference; fileEncoding = 4; lastKnownFileType = sourcecode.swift; path = HorusAIView.swift; sourceTree = "<group>"; };
		616C59EB2E3928D4000379AD /* ObjectFrame.swift */ = {isa = PBXFileReference; fileEncoding = 4; lastKnownFileType = sourcecode.swift; path = ObjectFrame.swift; sourceTree = "<group>"; };
		616C59EC2E3928D4000379AD /* CameraView.swift */ = {isa = PBXFileReference; fileEncoding = 4; lastKnownFileType = sourcecode.swift; path = CameraView.swift; sourceTree = "<group>"; };
		616C59F12E3928E9000379AD /* YOLO.swift */ = {isa = PBXFileReference; fileEncoding = 4; lastKnownFileType = sourcecode.swift; path = YOLO.swift; sourceTree = "<group>"; };
		616C59F22E3928E9000379AD /* Speecher.swift */ = {isa = PBXFileReference; fileEncoding = 4; lastKnownFileType = sourcecode.swift; path = Speecher.swift; sourceTree = "<group>"; };
		616C59F32E3928E9000379AD /* GPSAPI.swift */ = {isa = PBXFileReference; fileEncoding = 4; lastKnownFileType = sourcecode.swift; path = GPSAPI.swift; sourceTree = "<group>"; };
		616C59F42E3928E9000379AD /* GeminiApp.swift */ = {isa = PBXFileReference; fileEncoding = 4; lastKnownFileType = sourcecode.swift; path = GeminiApp.swift; sourceTree = "<group>"; };
		616C59F92E3928F6000379AD /* HorusAIShader.metal */ = {isa = PBXFileReference; fileEncoding = 4; lastKnownFileType = sourcecode.metal; path = HorusAIShader.metal; sourceTree = "<group>"; };
		61A26CB02E3A7F5000617DE4 /* MainView.swift */ = {isa = PBXFileReference; fileEncoding = 4; lastKnownFileType = sourcecode.swift; path = MainView.swift; sourceTree = "<group>"; };
		61A26CB12E3A7F5000617DE4 /* SettingsView.swift */ = {isa = PBXFileReference; fileEncoding = 4; lastKnownFileType = sourcecode.swift; path = SettingsView.swift; sourceTree = "<group>"; };
		61A26CB72E3A7F8000617DE4 /* ConfigurationManager.swift */ = {isa = PBXFileReference; fileEncoding = 4; lastKnownFileType = sourcecode.swift; path = ConfigurationManager.swift; sourceTree = "<group>"; };
		61A26CBA2E3AA22F00617DE4 /* HistoricoView.swift */ = {isa = PBXFileReference; fileEncoding = 4; lastKnownFileType = sourcecode.swift; path = HistoricoView.swift; sourceTree = "<group>"; };
		61A26CBB2E3AA22F00617DE4 /* AjudaView.swift */ = {isa = PBXFileReference; fileEncoding = 4; lastKnownFileType = sourcecode.swift; path = AjudaView.swift; sourceTree = "<group>"; };
		61E554E72E37E2FE0083CF88 /* HorusAI.app */ = {isa = PBXFileReference; explicitFileType = wrapper.application; includeInIndex = 0; path = HorusAI.app; sourceTree = BUILT_PRODUCTS_DIR; };
		61E554EA2E37E2FE0083CF88 /* HorusAIApp.swift */ = {isa = PBXFileReference; lastKnownFileType = sourcecode.swift; path = HorusAIApp.swift; sourceTree = "<group>"; };
		61E554EE2E37E3000083CF88 /* Assets.xcassets */ = {isa = PBXFileReference; lastKnownFileType = folder.assetcatalog; path = Assets.xcassets; sourceTree = "<group>"; };
		61E554F12E37E3000083CF88 /* Preview Assets.xcassets */ = {isa = PBXFileReference; lastKnownFileType = folder.assetcatalog; path = "Preview Assets.xcassets"; sourceTree = "<group>"; };
		61E555032E37E4140083CF88 /* YOLOv3.mlmodel */ = {isa = PBXFileReference; lastKnownFileType = file.mlmodel; path = YOLOv3.mlmodel; sourceTree = "<group>"; };
		61E5551E2E37E67E0083CF88 /* Info.plist */ = {isa = PBXFileReference; lastKnownFileType = text.plist; path = Info.plist; sourceTree = "<group>"; };
/* End PBXFileReference section */

/* Begin PBXFrameworksBuildPhase section */
		61E554E42E37E2FE0083CF88 /* Frameworks */ = {
			isa = PBXFrameworksBuildPhase;
			buildActionMask = 2147483647;
			files = (
			);
			runOnlyForDeploymentPostprocessing = 0;
		};
/* End PBXFrameworksBuildPhase section */

/* Begin PBXGroup section */
		61A26CB82E3A7F8000617DE4 /* ViewModels */ = {
			isa = PBXGroup;
			children = (
				61A26CB72E3A7F8000617DE4 /* ConfigurationManager.swift */,
			);
			path = ViewModels;
			sourceTree = "<group>";
		};
		61E554DE2E37E2FE0083CF88 = {
			isa = PBXGroup;
			children = (
				61E555042E37E4140083CF88 /* MLModels */,
				61E554E92E37E2FE0083CF88 /* HorusAI */,
				61E554E82E37E2FE0083CF88 /* Products */,
			);
			sourceTree = "<group>";
		};
		61E554E82E37E2FE0083CF88 /* Products */ = {
			isa = PBXGroup;
			children = (
				61E554E72E37E2FE0083CF88 /* HorusAI.app */,
			);
			name = Products;
			sourceTree = "<group>";
		};
		61E554E92E37E2FE0083CF88 /* HorusAI */ = {
			isa = PBXGroup;
			children = (
				61E5551E2E37E67E0083CF88 /* Info.plist */,
				61E555162E37E4B40083CF88 /* Shaders */,
				61E555092E37E4750083CF88 /* Models */,
				61A26CB82E3A7F8000617DE4 /* ViewModels */,
				61E555062E37E4570083CF88 /* Views */,
				61E554EA2E37E2FE0083CF88 /* HorusAIApp.swift */,
				61E554EE2E37E3000083CF88 /* Assets.xcassets */,
				61E554F02E37E3000083CF88 /* Preview Content */,
			);
			path = HorusAI;
			sourceTree = "<group>";
		};
		61E554F02E37E3000083CF88 /* Preview Content */ = {
			isa = PBXGroup;
			children = (
				61E554F12E37E3000083CF88 /* Preview Assets.xcassets */,
			);
			path = "Preview Content";
			sourceTree = "<group>";
		};
		61E555042E37E4140083CF88 /* MLModels */ = {
			isa = PBXGroup;
			children = (
				61E555032E37E4140083CF88 /* YOLOv3.mlmodel */,
			);
			path = MLModels;
			sourceTree = SOURCE_ROOT;
		};
		61E555062E37E4570083CF88 /* Views */ = {
			isa = PBXGroup;
			children = (
				61A26CBB2E3AA22F00617DE4 /* AjudaView.swift */,
				61A26CBA2E3AA22F00617DE4 /* HistoricoView.swift */,
				61A26CB02E3A7F5000617DE4 /* MainView.swift */,
				61A26CB12E3A7F5000617DE4 /* SettingsView.swift */,
				616C59EC2E3928D4000379AD /* CameraView.swift */,
				616C59EA2E3928D4000379AD /* HorusAIView.swift */,
				616C59EB2E3928D4000379AD /* ObjectFrame.swift */,
				616C59E92E3928D4000379AD /* PseudoMainView.swift */,
			);
			path = Views;
			sourceTree = "<group>";
		};
		61E555092E37E4750083CF88 /* Models */ = {
			isa = PBXGroup;
			children = (
				616C59F42E3928E9000379AD /* GeminiApp.swift */,
				616C59F32E3928E9000379AD /* GPSAPI.swift */,
				616C59F22E3928E9000379AD /* Speecher.swift */,
				616C59F12E3928E9000379AD /* YOLO.swift */,
			);
			path = Models;
			sourceTree = "<group>";
		};
		61E555162E37E4B40083CF88 /* Shaders */ = {
			isa = PBXGroup;
			children = (
				616C59F92E3928F6000379AD /* HorusAIShader.metal */,
			);
			path = Shaders;
			sourceTree = "<group>";
		};
/* End PBXGroup section */

/* Begin PBXNativeTarget section */
		61E554E62E37E2FE0083CF88 /* HorusAI */ = {
			isa = PBXNativeTarget;
			buildConfigurationList = 61E554F52E37E3000083CF88 /* Build configuration list for PBXNativeTarget "HorusAI" */;
			buildPhases = (
				61E554E32E37E2FE0083CF88 /* Sources */,
				61E554E42E37E2FE0083CF88 /* Frameworks */,
				61E554E52E37E2FE0083CF88 /* Resources */,
			);
			buildRules = (
			);
			dependencies = (
			);
			name = HorusAI;
			productName = HorusAI;
			productReference = 61E554E72E37E2FE0083CF88 /* HorusAI.app */;
			productType = "com.apple.product-type.application";
		};
/* End PBXNativeTarget section */

/* Begin PBXProject section */
		61E554DF2E37E2FE0083CF88 /* Project object */ = {
			isa = PBXProject;
			attributes = {
				BuildIndependentTargetsInParallel = 1;
				LastSwiftUpdateCheck = 1540;
				LastUpgradeCheck = 1540;
				TargetAttributes = {
					61E554E62E37E2FE0083CF88 = {
						CreatedOnToolsVersion = 15.4;
					};
				};
			};
			buildConfigurationList = 61E554E22E37E2FE0083CF88 /* Build configuration list for PBXProject "HorusAI" */;
			compatibilityVersion = "Xcode 14.0";
			developmentRegion = en;
			hasScannedForEncodings = 0;
			knownRegions = (
				en,
				Base,
			);
			mainGroup = 61E554DE2E37E2FE0083CF88;
			productRefGroup = 61E554E82E37E2FE0083CF88 /* Products */;
			projectDirPath = "";
			projectRoot = "";
			targets = (
				61E554E62E37E2FE0083CF88 /* HorusAI */,
			);
		};
/* End PBXProject section */

/* Begin PBXResourcesBuildPhase section */
		61E554E52E37E2FE0083CF88 /* Resources */ = {
			isa = PBXResourcesBuildPhase;
			buildActionMask = 2147483647;
			files = (
				61E554F22E37E3000083CF88 /* Preview Assets.xcassets in Resources */,
				61E554EF2E37E3000083CF88 /* Assets.xcassets in Resources */,
			);
			runOnlyForDeploymentPostprocessing = 0;
		};
/* End PBXResourcesBuildPhase section */

/* Begin PBXSourcesBuildPhase section */
		61E554E32E37E2FE0083CF88 /* Sources */ = {
			isa = PBXSourcesBuildPhase;
			buildActionMask = 2147483647;
			files = (
				616C59F52E3928E9000379AD /* YOLO.swift in Sources */,
				61A26CBC2E3AA22F00617DE4 /* HistoricoView.swift in Sources */,
				61A26CB22E3A7F5000617DE4 /* MainView.swift in Sources */,
				616C59EE2E3928D4000379AD /* HorusAIView.swift in Sources */,
				616C59EF2E3928D4000379AD /* ObjectFrame.swift in Sources */,
				616C59F62E3928E9000379AD /* Speecher.swift in Sources */,
				616C59F72E3928E9000379AD /* GPSAPI.swift in Sources */,
				61E555052E37E4140083CF88 /* YOLOv3.mlmodel in Sources */,
				616C59F82E3928E9000379AD /* GeminiApp.swift in Sources */,
				616C59FA2E3928F6000379AD /* HorusAIShader.metal in Sources */,
				61A26CBD2E3AA22F00617DE4 /* AjudaView.swift in Sources */,
				616C59F02E3928D4000379AD /* CameraView.swift in Sources */,
				61A26CB92E3A7F8000617DE4 /* ConfigurationManager.swift in Sources */,
				61E554EB2E37E2FE0083CF88 /* HorusAIApp.swift in Sources */,
				616C59ED2E3928D4000379AD /* PseudoMainView.swift in Sources */,
				61A26CB32E3A7F5000617DE4 /* SettingsView.swift in Sources */,
			);
			runOnlyForDeploymentPostprocessing = 0;
		};
/* End PBXSourcesBuildPhase section */

/* Begin XCBuildConfiguration section */
		61E554F32E37E3000083CF88 /* Debug */ = {
			isa = XCBuildConfiguration;
			buildSettings = {
				ALWAYS_SEARCH_USER_PATHS = NO;
				ASSETCATALOG_COMPILER_GENERATE_SWIFT_ASSET_SYMBOL_EXTENSIONS = YES;
				CLANG_ANALYZER_NONNULL = YES;
				CLANG_ANALYZER_NUMBER_OBJECT_CONVERSION = YES_AGGRESSIVE;
				CLANG_CXX_LANGUAGE_STANDARD = "gnu++20";
				CLANG_ENABLE_MODULES = YES;
				CLANG_ENABLE_OBJC_ARC = YES;
				CLANG_ENABLE_OBJC_WEAK = YES;
				CLANG_WARN_BLOCK_CAPTURE_AUTORELEASING = YES;
				CLANG_WARN_BOOL_CONVERSION = YES;
				CLANG_WARN_COMMA = YES;
				CLANG_WARN_CONSTANT_CONVERSION = YES;
				CLANG_WARN_DEPRECATED_OBJC_IMPLEMENTATIONS = YES;
				CLANG_WARN_DIRECT_OBJC_ISA_USAGE = YES_ERROR;
				CLANG_WARN_DOCUMENTATION_COMMENTS = YES;
				CLANG_WARN_EMPTY_BODY = YES;
				CLANG_WARN_ENUM_CONVERSION = YES;
				CLANG_WARN_INFINITE_RECURSION = YES;
				CLANG_WARN_INT_CONVERSION = YES;
				CLANG_WARN_NON_LITERAL_NULL_CONVERSION = YES;
				CLANG_WARN_OBJC_IMPLICIT_RETAIN_SELF = YES;
				CLANG_WARN_OBJC_LITERAL_CONVERSION = YES;
				CLANG_WARN_OBJC_ROOT_CLASS = YES_ERROR;
				CLANG_WARN_QUOTED_INCLUDE_IN_FRAMEWORK_HEADER = YES;
				CLANG_WARN_RANGE_LOOP_ANALYSIS = YES;
				CLANG_WARN_STRICT_PROTOTYPES = YES;
				CLANG_WARN_SUSPICIOUS_MOVE = YES;
				CLANG_WARN_UNGUARDED_AVAILABILITY = YES_AGGRESSIVE;
				CLANG_WARN_UNREACHABLE_CODE = YES;
				CLANG_WARN__DUPLICATE_METHOD_MATCH = YES;
				COPY_PHASE_STRIP = NO;
				DEBUG_INFORMATION_FORMAT = dwarf;
				ENABLE_STRICT_OBJC_MSGSEND = YES;
				ENABLE_TESTABILITY = YES;
				ENABLE_USER_SCRIPT_SANDBOXING = YES;
				GCC_C_LANGUAGE_STANDARD = gnu17;
				GCC_DYNAMIC_NO_PIC = NO;
				GCC_NO_COMMON_BLOCKS = YES;
				GCC_OPTIMIZATION_LEVEL = 0;
				GCC_PREPROCESSOR_DEFINITIONS = (
					"DEBUG=1",
					"$(inherited)",
				);
				GCC_WARN_64_TO_32_BIT_CONVERSION = YES;
				GCC_WARN_ABOUT_RETURN_TYPE = YES_ERROR;
				GCC_WARN_UNDECLARED_SELECTOR = YES;
				GCC_WARN_UNINITIALIZED_AUTOS = YES_AGGRESSIVE;
				GCC_WARN_UNUSED_FUNCTION = YES;
				GCC_WARN_UNUSED_VARIABLE = YES;
				IPHONEOS_DEPLOYMENT_TARGET = 17.5;
				LOCALIZATION_PREFERS_STRING_CATALOGS = YES;
				MTL_ENABLE_DEBUG_INFO = INCLUDE_SOURCE;
				MTL_FAST_MATH = YES;
				ONLY_ACTIVE_ARCH = YES;
				SDKROOT = iphoneos;
				SWIFT_ACTIVE_COMPILATION_CONDITIONS = "DEBUG $(inherited)";
				SWIFT_OPTIMIZATION_LEVEL = "-Onone";
			};
			name = Debug;
		};
		61E554F42E37E3000083CF88 /* Release */ = {
			isa = XCBuildConfiguration;
			buildSettings = {
				ALWAYS_SEARCH_USER_PATHS = NO;
				ASSETCATALOG_COMPILER_GENERATE_SWIFT_ASSET_SYMBOL_EXTENSIONS = YES;
				CLANG_ANALYZER_NONNULL = YES;
				CLANG_ANALYZER_NUMBER_OBJECT_CONVERSION = YES_AGGRESSIVE;
				CLANG_CXX_LANGUAGE_STANDARD = "gnu++20";
				CLANG_ENABLE_MODULES = YES;
				CLANG_ENABLE_OBJC_ARC = YES;
				CLANG_ENABLE_OBJC_WEAK = YES;
				CLANG_WARN_BLOCK_CAPTURE_AUTORELEASING = YES;
				CLANG_WARN_BOOL_CONVERSION = YES;
				CLANG_WARN_COMMA = YES;
				CLANG_WARN_CONSTANT_CONVERSION = YES;
				CLANG_WARN_DEPRECATED_OBJC_IMPLEMENTATIONS = YES;
				CLANG_WARN_DIRECT_OBJC_ISA_USAGE = YES_ERROR;
				CLANG_WARN_DOCUMENTATION_COMMENTS = YES;
				CLANG_WARN_EMPTY_BODY = YES;
				CLANG_WARN_ENUM_CONVERSION = YES;
				CLANG_WARN_INFINITE_RECURSION = YES;
				CLANG_WARN_INT_CONVERSION = YES;
				CLANG_WARN_NON_LITERAL_NULL_CONVERSION = YES;
				CLANG_WARN_OBJC_IMPLICIT_RETAIN_SELF = YES;
				CLANG_WARN_OBJC_LITERAL_CONVERSION = YES;
				CLANG_WARN_OBJC_ROOT_CLASS = YES_ERROR;
				CLANG_WARN_QUOTED_INCLUDE_IN_FRAMEWORK_HEADER = YES;
				CLANG_WARN_RANGE_LOOP_ANALYSIS = YES;
				CLANG_WARN_STRICT_PROTOTYPES = YES;
				CLANG_WARN_SUSPICIOUS_MOVE = YES;
				CLANG_WARN_UNGUARDED_AVAILABILITY = YES_AGGRESSIVE;
				CLANG_WARN_UNREACHABLE_CODE = YES;
				CLANG_WARN__DUPLICATE_METHOD_MATCH = YES;
				COPY_PHASE_STRIP = NO;
				DEBUG_INFORMATION_FORMAT = "dwarf-with-dsym";
				ENABLE_NS_ASSERTIONS = NO;
				ENABLE_STRICT_OBJC_MSGSEND = YES;
				ENABLE_USER_SCRIPT_SANDBOXING = YES;
				GCC_C_LANGUAGE_STANDARD = gnu17;
				GCC_NO_COMMON_BLOCKS = YES;
				GCC_WARN_64_TO_32_BIT_CONVERSION = YES;
				GCC_WARN_ABOUT_RETURN_TYPE = YES_ERROR;
				GCC_WARN_UNDECLARED_SELECTOR = YES;
				GCC_WARN_UNINITIALIZED_AUTOS = YES_AGGRESSIVE;
				GCC_WARN_UNUSED_FUNCTION = YES;
				GCC_WARN_UNUSED_VARIABLE = YES;
				IPHONEOS_DEPLOYMENT_TARGET = 17.5;
				LOCALIZATION_PREFERS_STRING_CATALOGS = YES;
				MTL_ENABLE_DEBUG_INFO = NO;
				MTL_FAST_MATH = YES;
				SDKROOT = iphoneos;
				SWIFT_COMPILATION_MODE = wholemodule;
				VALIDATE_PRODUCT = YES;
			};
			name = Release;
		};
		61E554F62E37E3000083CF88 /* Debug */ = {
			isa = XCBuildConfiguration;
			buildSettings = {
				ASSETCATALOG_COMPILER_APPICON_NAME = AppIcon;
				ASSETCATALOG_COMPILER_GLOBAL_ACCENT_COLOR_NAME = AccentColor;
				CODE_SIGN_STYLE = Automatic;
				CURRENT_PROJECT_VERSION = 1;
				DEVELOPMENT_ASSET_PATHS = "\"HorusAI/Preview Content\"";
				DEVELOPMENT_TEAM = ZQNLQPF2J3;
				ENABLE_PREVIEWS = YES;
				GENERATE_INFOPLIST_FILE = YES;
				INFOPLIST_FILE = HorusAI/Info.plist;
				INFOPLIST_KEY_UIApplicationSceneManifest_Generation = YES;
				INFOPLIST_KEY_UIApplicationSupportsIndirectInputEvents = YES;
				INFOPLIST_KEY_UILaunchScreen_Generation = YES;
				INFOPLIST_KEY_UISupportedInterfaceOrientations_iPad = "UIInterfaceOrientationPortrait UIInterfaceOrientationPortraitUpsideDown UIInterfaceOrientationLandscapeLeft UIInterfaceOrientationLandscapeRight";
				INFOPLIST_KEY_UISupportedInterfaceOrientations_iPhone = "UIInterfaceOrientationPortrait UIInterfaceOrientationLandscapeLeft UIInterfaceOrientationLandscapeRight";
				LD_RUNPATH_SEARCH_PATHS = (
					"$(inherited)",
					"@executable_path/Frameworks",
				);
				MARKETING_VERSION = 1.0;
				PRODUCT_BUNDLE_IDENTIFIER = com.br.LuizFelipe.HorusAI;
				PRODUCT_NAME = "$(TARGET_NAME)";
				SWIFT_EMIT_LOC_STRINGS = YES;
				SWIFT_VERSION = 5.0;
				TARGETED_DEVICE_FAMILY = "1,2";
			};
			name = Debug;
		};
		61E554F72E37E3000083CF88 /* Release */ = {
			isa = XCBuildConfiguration;
			buildSettings = {
				ASSETCATALOG_COMPILER_APPICON_NAME = AppIcon;
				ASSETCATALOG_COMPILER_GLOBAL_ACCENT_COLOR_NAME = AccentColor;
				CODE_SIGN_STYLE = Automatic;
				CURRENT_PROJECT_VERSION = 1;
				DEVELOPMENT_ASSET_PATHS = "\"HorusAI/Preview Content\"";
				DEVELOPMENT_TEAM = ZQNLQPF2J3;
				ENABLE_PREVIEWS = YES;
				GENERATE_INFOPLIST_FILE = YES;
				INFOPLIST_FILE = HorusAI/Info.plist;
				INFOPLIST_KEY_UIApplicationSceneManifest_Generation = YES;
				INFOPLIST_KEY_UIApplicationSupportsIndirectInputEvents = YES;
				INFOPLIST_KEY_UILaunchScreen_Generation = YES;
				INFOPLIST_KEY_UISupportedInterfaceOrientations_iPad = "UIInterfaceOrientationPortrait UIInterfaceOrientationPortraitUpsideDown UIInterfaceOrientationLandscapeLeft UIInterfaceOrientationLandscapeRight";
				INFOPLIST_KEY_UISupportedInterfaceOrientations_iPhone = "UIInterfaceOrientationPortrait UIInterfaceOrientationLandscapeLeft UIInterfaceOrientationLandscapeRight";
				LD_RUNPATH_SEARCH_PATHS = (
					"$(inherited)",
					"@executable_path/Frameworks",
				);
				MARKETING_VERSION = 1.0;
				PRODUCT_BUNDLE_IDENTIFIER = com.br.LuizFelipe.HorusAI;
				PRODUCT_NAME = "$(TARGET_NAME)";
				SWIFT_EMIT_LOC_STRINGS = YES;
				SWIFT_VERSION = 5.0;
				TARGETED_DEVICE_FAMILY = "1,2";
			};
			name = Release;
		};
/* End XCBuildConfiguration section */

/* Begin XCConfigurationList section */
		61E554E22E37E2FE0083CF88 /* Build configuration list for PBXProject "HorusAI" */ = {
			isa = XCConfigurationList;
			buildConfigurations = (
				61E554F32E37E3000083CF88 /* Debug */,
				61E554F42E37E3000083CF88 /* Release */,
			);
			defaultConfigurationIsVisible = 0;
			defaultConfigurationName = Release;
		};
		61E554F52E37E3000083CF88 /* Build configuration list for PBXNativeTarget "HorusAI" */ = {
			isa = XCConfigurationList;
			buildConfigurations = (
				61E554F62E37E3000083CF88 /* Debug */,
				61E554F72E37E3000083CF88 /* Release */,
			);
			defaultConfigurationIsVisible = 0;
			defaultConfigurationName = Release;
		};
/* End XCConfigurationList section */
	};
	rootObject = 61E554DF2E37E2FE0083CF88 /* Project object */;
}
