// !$*UTF8*$!
{
	archiveVersion = 1;
	classes = {
	};
	objectVersion = 56;
	objects = {

/* Begin PBXBuildFile section */
		616C59FD2E3943D9000379AD /* HorusAIView.swift in Sources */ = {isa = PBXBuildFile; fileRef = 616C59FB2E3943D9000379AD /* HorusAIView.swift */; };
		A1B756FC2E32BD1D00FB74D6 /* ConfigurationManager.swift in Sources */ = {isa = PBXBuildFile; fileRef = A1B756FB2E32BD1D00FB74D6 /* ConfigurationManager.swift */; };
		A1B756FE2E32BD4200FB74D6 /* ProfileSelectionView.swift in Sources */ = {isa = PBXBuildFile; fileRef = A1B756FD2E32BD4200FB74D6 /* ProfileSelectionView.swift */; };
		C31E1A432E3140150093ACD1 /* visualApp.swift in Sources */ = {isa = PBXBuildFile; fileRef = C31E1A422E3140150093ACD1 /* visualApp.swift */; };
		C31E1A452E3140150093ACD1 /* ContentView.swift in Sources */ = {isa = PBXBuildFile; fileRef = C31E1A442E3140150093ACD1 /* ContentView.swift */; };
		C31E1A472E3140170093ACD1 /* Assets.xcassets in Resources */ = {isa = PBXBuildFile; fileRef = C31E1A462E3140170093ACD1 /* Assets.xcassets */; };
		C31E1A4A2E3140170093ACD1 /* Preview Assets.xcassets in Resources */ = {isa = PBXBuildFile; fileRef = C31E1A492E3140170093ACD1 /* Preview Assets.xcassets */; };
		C31E1A552E314B850093ACD1 /* SettingsView.swift in Sources */ = {isa = PBXBuildFile; fileRef = C31E1A542E314B850093ACD1 /* SettingsView.swift */; };
		C36C25192E37DD1E004CA42B /* HorusAIShader.metal in Sources */ = {isa = PBXBuildFile; fileRef = C36C25162E37DD1E004CA42B /* HorusAIShader.metal */; };
		C3E5EDED2E33EB760046CCAA /* CameraView.swift in Sources */ = {isa = PBXBuildFile; fileRef = C3E5EDEC2E33EB760046CCAA /* CameraView.swift */; };
/* End PBXBuildFile section */

/* Begin PBXFileReference section */
		616C59FB2E3943D9000379AD /* HorusAIView.swift */ = {isa = PBXFileReference; fileEncoding = 4; lastKnownFileType = sourcecode.swift; path = HorusAIView.swift; sourceTree = "<group>"; };
		A1B756FB2E32BD1D00FB74D6 /* ConfigurationManager.swift */ = {isa = PBXFileReference; lastKnownFileType = sourcecode.swift; path = ConfigurationManager.swift; sourceTree = "<group>"; };
		A1B756FD2E32BD4200FB74D6 /* ProfileSelectionView.swift */ = {isa = PBXFileReference; lastKnownFileType = sourcecode.swift; path = ProfileSelectionView.swift; sourceTree = "<group>"; };
		C31E1A3F2E3140150093ACD1 /* visual.app */ = {isa = PBXFileReference; explicitFileType = wrapper.application; includeInIndex = 0; path = visual.app; sourceTree = BUILT_PRODUCTS_DIR; };
		C31E1A422E3140150093ACD1 /* visualApp.swift */ = {isa = PBXFileReference; lastKnownFileType = sourcecode.swift; path = visualApp.swift; sourceTree = "<group>"; };
		C31E1A442E3140150093ACD1 /* ContentView.swift */ = {isa = PBXFileReference; lastKnownFileType = sourcecode.swift; path = ContentView.swift; sourceTree = "<group>"; };
		C31E1A462E3140170093ACD1 /* Assets.xcassets */ = {isa = PBXFileReference; lastKnownFileType = folder.assetcatalog; path = Assets.xcassets; sourceTree = "<group>"; };
		C31E1A492E3140170093ACD1 /* Preview Assets.xcassets */ = {isa = PBXFileReference; lastKnownFileType = folder.assetcatalog; path = "Preview Assets.xcassets"; sourceTree = "<group>"; };
		C31E1A542E314B850093ACD1 /* SettingsView.swift */ = {isa = PBXFileReference; lastKnownFileType = sourcecode.swift; path = SettingsView.swift; sourceTree = "<group>"; };
		C36C25162E37DD1E004CA42B /* HorusAIShader.metal */ = {isa = PBXFileReference; fileEncoding = 4; lastKnownFileType = sourcecode.metal; name = HorusAIShader.metal; path = ../../HorusAIShader.metal; sourceTree = "<group>"; };
		C3E5EDEC2E33EB760046CCAA /* CameraView.swift */ = {isa = PBXFileReference; lastKnownFileType = sourcecode.swift; path = CameraView.swift; sourceTree = "<group>"; };
/* End PBXFileReference section */

/* Begin PBXFrameworksBuildPhase section */
		C31E1A3C2E3140150093ACD1 /* Frameworks */ = {
			isa = PBXFrameworksBuildPhase;
			buildActionMask = 2147483647;
			files = (
			);
			runOnlyForDeploymentPostprocessing = 0;
		};
/* End PBXFrameworksBuildPhase section */

/* Begin PBXGroup section */
		616C59FF2E394479000379AD /* ViewModel */ = {
			isa = PBXGroup;
			children = (
				A1B756FB2E32BD1D00FB74D6 /* ConfigurationManager.swift */,
			);
			path = ViewModel;
			sourceTree = "<group>";
		};
		C31E1A362E3140150093ACD1 = {
			isa = PBXGroup;
			children = (
				C31E1A412E3140150093ACD1 /* visual */,
				C31E1A402E3140150093ACD1 /* Products */,
			);
			sourceTree = "<group>";
		};
		C31E1A402E3140150093ACD1 /* Products */ = {
			isa = PBXGroup;
			children = (
				C31E1A3F2E3140150093ACD1 /* visual.app */,
			);
			name = Products;
			sourceTree = "<group>";
		};
		C31E1A412E3140150093ACD1 /* visual */ = {
			isa = PBXGroup;
			children = (
				616C59FF2E394479000379AD /* ViewModel */,
				C36C25162E37DD1E004CA42B /* HorusAIShader.metal */,
				616C59FB2E3943D9000379AD /* HorusAIView.swift */,
				C31E1A422E3140150093ACD1 /* visualApp.swift */,
				C31E1A542E314B850093ACD1 /* SettingsView.swift */,
				A1B756FD2E32BD4200FB74D6 /* ProfileSelectionView.swift */,
				C3E5EDEC2E33EB760046CCAA /* CameraView.swift */,
				C31E1A442E3140150093ACD1 /* ContentView.swift */,
				C31E1A462E3140170093ACD1 /* Assets.xcassets */,
				C31E1A482E3140170093ACD1 /* Preview Content */,
			);
			path = visual;
			sourceTree = "<group>";
		};
		C31E1A482E3140170093ACD1 /* Preview Content */ = {
			isa = PBXGroup;
			children = (
				C31E1A492E3140170093ACD1 /* Preview Assets.xcassets */,
			);
			path = "Preview Content";
			sourceTree = "<group>";
		};
/* End PBXGroup section */

/* Begin PBXNativeTarget section */
		C31E1A3E2E3140150093ACD1 /* visual */ = {
			isa = PBXNativeTarget;
			buildConfigurationList = C31E1A4D2E3140170093ACD1 /* Build configuration list for PBXNativeTarget "visual" */;
			buildPhases = (
				C31E1A3B2E3140150093ACD1 /* Sources */,
				C31E1A3C2E3140150093ACD1 /* Frameworks */,
				C31E1A3D2E3140150093ACD1 /* Resources */,
			);
			buildRules = (
			);
			dependencies = (
			);
			name = visual;
			productName = visual;
			productReference = C31E1A3F2E3140150093ACD1 /* visual.app */;
			productType = "com.apple.product-type.application";
		};
/* End PBXNativeTarget section */

/* Begin PBXProject section */
		C31E1A372E3140150093ACD1 /* Project object */ = {
			isa = PBXProject;
			attributes = {
				BuildIndependentTargetsInParallel = 1;
				LastSwiftUpdateCheck = 1540;
				LastUpgradeCheck = 1540;
				TargetAttributes = {
					C31E1A3E2E3140150093ACD1 = {
						CreatedOnToolsVersion = 15.4;
					};
				};
			};
			buildConfigurationList = C31E1A3A2E3140150093ACD1 /* Build configuration list for PBXProject "visual" */;
			compatibilityVersion = "Xcode 14.0";
			developmentRegion = en;
			hasScannedForEncodings = 0;
			knownRegions = (
				en,
				Base,
			);
			mainGroup = C31E1A362E3140150093ACD1;
			productRefGroup = C31E1A402E3140150093ACD1 /* Products */;
			projectDirPath = "";
			projectRoot = "";
			targets = (
				C31E1A3E2E3140150093ACD1 /* visual */,
			);
		};
/* End PBXProject section */

/* Begin PBXResourcesBuildPhase section */
		C31E1A3D2E3140150093ACD1 /* Resources */ = {
			isa = PBXResourcesBuildPhase;
			buildActionMask = 2147483647;
			files = (
				C31E1A4A2E3140170093ACD1 /* Preview Assets.xcassets in Resources */,
				C31E1A472E3140170093ACD1 /* Assets.xcassets in Resources */,
			);
			runOnlyForDeploymentPostprocessing = 0;
		};
/* End PBXResourcesBuildPhase section */

/* Begin PBXSourcesBuildPhase section */
		C31E1A3B2E3140150093ACD1 /* Sources */ = {
			isa = PBXSourcesBuildPhase;
			buildActionMask = 2147483647;
			files = (
				616C59FD2E3943D9000379AD /* HorusAIView.swift in Sources */,
				A1B756FC2E32BD1D00FB74D6 /* ConfigurationManager.swift in Sources */,
				C31E1A552E314B850093ACD1 /* SettingsView.swift in Sources */,
				C31E1A452E3140150093ACD1 /* ContentView.swift in Sources */,
				C3E5EDED2E33EB760046CCAA /* CameraView.swift in Sources */,
				C36C25192E37DD1E004CA42B /* HorusAIShader.metal in Sources */,
				A1B756FE2E32BD4200FB74D6 /* ProfileSelectionView.swift in Sources */,
				C31E1A432E3140150093ACD1 /* visualApp.swift in Sources */,
			);
			runOnlyForDeploymentPostprocessing = 0;
		};
/* End PBXSourcesBuildPhase section */

/* Begin XCBuildConfiguration section */
		C31E1A4B2E3140170093ACD1 /* Debug */ = {
			isa = XCBuildConfiguration;
			buildSettings = {
				ALWAYS_SEARCH_USER_PATHS = NO;
				ASSETCATALOG_COMPILER_GENERATE_SWIFT_ASSET_SYMBOL_EXTENSIONS = YES;
				CLANG_ANALYZER_NONNULL = YES;
				CLANG_ANALYZER_NUMBER_OBJECT_CONVERSION = YES_AGGRESSIVE;
				CLANG_CXX_LANGUAGE_STANDARD = "gnu++20";
				CLANG_ENABLE_MODULES = YES;
				CLANG_ENABLE_OBJC_ARC = YES;
				CLANG_ENABLE_OBJC_WEAK = YES;
				CLANG_WARN_BLOCK_CAPTURE_AUTORELEASING = YES;
				CLANG_WARN_BOOL_CONVERSION = YES;
				CLANG_WARN_COMMA = YES;
				CLANG_WARN_CONSTANT_CONVERSION = YES;
				CLANG_WARN_DEPRECATED_OBJC_IMPLEMENTATIONS = YES;
				CLANG_WARN_DIRECT_OBJC_ISA_USAGE = YES_ERROR;
				CLANG_WARN_DOCUMENTATION_COMMENTS = YES;
				CLANG_WARN_EMPTY_BODY = YES;
				CLANG_WARN_ENUM_CONVERSION = YES;
				CLANG_WARN_INFINITE_RECURSION = YES;
				CLANG_WARN_INT_CONVERSION = YES;
				CLANG_WARN_NON_LITERAL_NULL_CONVERSION = YES;
				CLANG_WARN_OBJC_IMPLICIT_RETAIN_SELF = YES;
				CLANG_WARN_OBJC_LITERAL_CONVERSION = YES;
				CLANG_WARN_OBJC_ROOT_CLASS = YES_ERROR;
				CLANG_WARN_QUOTED_INCLUDE_IN_FRAMEWORK_HEADER = YES;
				CLANG_WARN_RANGE_LOOP_ANALYSIS = YES;
				CLANG_WARN_STRICT_PROTOTYPES = YES;
				CLANG_WARN_SUSPICIOUS_MOVE = YES;
				CLANG_WARN_UNGUARDED_AVAILABILITY = YES_AGGRESSIVE;
				CLANG_WARN_UNREACHABLE_CODE = YES;
				CLANG_WARN__DUPLICATE_METHOD_MATCH = YES;
				COPY_PHASE_STRIP = NO;
				DEBUG_INFORMATION_FORMAT = dwarf;
				ENABLE_STRICT_OBJC_MSGSEND = YES;
				ENABLE_TESTABILITY = YES;
				ENABLE_USER_SCRIPT_SANDBOXING = YES;
				GCC_C_LANGUAGE_STANDARD = gnu17;
				GCC_DYNAMIC_NO_PIC = NO;
				GCC_NO_COMMON_BLOCKS = YES;
				GCC_OPTIMIZATION_LEVEL = 0;
				GCC_PREPROCESSOR_DEFINITIONS = (
					"DEBUG=1",
					"$(inherited)",
				);
				GCC_WARN_64_TO_32_BIT_CONVERSION = YES;
				GCC_WARN_ABOUT_RETURN_TYPE = YES_ERROR;
				GCC_WARN_UNDECLARED_SELECTOR = YES;
				GCC_WARN_UNINITIALIZED_AUTOS = YES_AGGRESSIVE;
				GCC_WARN_UNUSED_FUNCTION = YES;
				GCC_WARN_UNUSED_VARIABLE = YES;
				IPHONEOS_DEPLOYMENT_TARGET = 17.5;
				LOCALIZATION_PREFERS_STRING_CATALOGS = YES;
				MTL_ENABLE_DEBUG_INFO = INCLUDE_SOURCE;
				MTL_FAST_MATH = YES;
				ONLY_ACTIVE_ARCH = YES;
				SDKROOT = iphoneos;
				SWIFT_ACTIVE_COMPILATION_CONDITIONS = "DEBUG $(inherited)";
				SWIFT_OPTIMIZATION_LEVEL = "-Onone";
			};
			name = Debug;
		};
		C31E1A4C2E3140170093ACD1 /* Release */ = {
			isa = XCBuildConfiguration;
			buildSettings = {
				ALWAYS_SEARCH_USER_PATHS = NO;
				ASSETCATALOG_COMPILER_GENERATE_SWIFT_ASSET_SYMBOL_EXTENSIONS = YES;
				CLANG_ANALYZER_NONNULL = YES;
				CLANG_ANALYZER_NUMBER_OBJECT_CONVERSION = YES_AGGRESSIVE;
				CLANG_CXX_LANGUAGE_STANDARD = "gnu++20";
				CLANG_ENABLE_MODULES = YES;
				CLANG_ENABLE_OBJC_ARC = YES;
				CLANG_ENABLE_OBJC_WEAK = YES;
				CLANG_WARN_BLOCK_CAPTURE_AUTORELEASING = YES;
				CLANG_WARN_BOOL_CONVERSION = YES;
				CLANG_WARN_COMMA = YES;
				CLANG_WARN_CONSTANT_CONVERSION = YES;
				CLANG_WARN_DEPRECATED_OBJC_IMPLEMENTATIONS = YES;
				CLANG_WARN_DIRECT_OBJC_ISA_USAGE = YES_ERROR;
				CLANG_WARN_DOCUMENTATION_COMMENTS = YES;
				CLANG_WARN_EMPTY_BODY = YES;
				CLANG_WARN_ENUM_CONVERSION = YES;
				CLANG_WARN_INFINITE_RECURSION = YES;
				CLANG_WARN_INT_CONVERSION = YES;
				CLANG_WARN_NON_LITERAL_NULL_CONVERSION = YES;
				CLANG_WARN_OBJC_IMPLICIT_RETAIN_SELF = YES;
				CLANG_WARN_OBJC_LITERAL_CONVERSION = YES;
				CLANG_WARN_OBJC_ROOT_CLASS = YES_ERROR;
				CLANG_WARN_QUOTED_INCLUDE_IN_FRAMEWORK_HEADER = YES;
				CLANG_WARN_RANGE_LOOP_ANALYSIS = YES;
				CLANG_WARN_STRICT_PROTOTYPES = YES;
				CLANG_WARN_SUSPICIOUS_MOVE = YES;
				CLANG_WARN_UNGUARDED_AVAILABILITY = YES_AGGRESSIVE;
				CLANG_WARN_UNREACHABLE_CODE = YES;
				CLANG_WARN__DUPLICATE_METHOD_MATCH = YES;
				COPY_PHASE_STRIP = NO;
				DEBUG_INFORMATION_FORMAT = "dwarf-with-dsym";
				ENABLE_NS_ASSERTIONS = NO;
				ENABLE_STRICT_OBJC_MSGSEND = YES;
				ENABLE_USER_SCRIPT_SANDBOXING = YES;
				GCC_C_LANGUAGE_STANDARD = gnu17;
				GCC_NO_COMMON_BLOCKS = YES;
				GCC_WARN_64_TO_32_BIT_CONVERSION = YES;
				GCC_WARN_ABOUT_RETURN_TYPE = YES_ERROR;
				GCC_WARN_UNDECLARED_SELECTOR = YES;
				GCC_WARN_UNINITIALIZED_AUTOS = YES_AGGRESSIVE;
				GCC_WARN_UNUSED_FUNCTION = YES;
				GCC_WARN_UNUSED_VARIABLE = YES;
				IPHONEOS_DEPLOYMENT_TARGET = 17.5;
				LOCALIZATION_PREFERS_STRING_CATALOGS = YES;
				MTL_ENABLE_DEBUG_INFO = NO;
				MTL_FAST_MATH = YES;
				SDKROOT = iphoneos;
				SWIFT_COMPILATION_MODE = wholemodule;
				VALIDATE_PRODUCT = YES;
			};
			name = Release;
		};
		C31E1A4E2E3140170093ACD1 /* Debug */ = {
			isa = XCBuildConfiguration;
			buildSettings = {
				ASSETCATALOG_COMPILER_APPICON_NAME = AppIcon;
				ASSETCATALOG_COMPILER_GLOBAL_ACCENT_COLOR_NAME = AccentColor;
				CODE_SIGN_STYLE = Automatic;
				CURRENT_PROJECT_VERSION = 1;
				DEVELOPMENT_ASSET_PATHS = "\"visual/Preview Content\"";
				ENABLE_PREVIEWS = YES;
				GENERATE_INFOPLIST_FILE = YES;
				INFOPLIST_KEY_UIApplicationSceneManifest_Generation = YES;
				INFOPLIST_KEY_UIApplicationSupportsIndirectInputEvents = YES;
				INFOPLIST_KEY_UILaunchScreen_Generation = YES;
				INFOPLIST_KEY_UISupportedInterfaceOrientations_iPad = "UIInterfaceOrientationPortrait UIInterfaceOrientationPortraitUpsideDown UIInterfaceOrientationLandscapeLeft UIInterfaceOrientationLandscapeRight";
				INFOPLIST_KEY_UISupportedInterfaceOrientations_iPhone = "UIInterfaceOrientationPortrait UIInterfaceOrientationLandscapeLeft UIInterfaceOrientationLandscapeRight";
				LD_RUNPATH_SEARCH_PATHS = (
					"$(inherited)",
					"@executable_path/Frameworks",
				);
				MARKETING_VERSION = 1.0;
				PRODUCT_BUNDLE_IDENTIFIER = com.br.GabrielTavares.visual;
				PRODUCT_NAME = "$(TARGET_NAME)";
				SWIFT_EMIT_LOC_STRINGS = YES;
				SWIFT_VERSION = 5.0;
				TARGETED_DEVICE_FAMILY = "1,2";
			};
			name = Debug;
		};
		C31E1A4F2E3140170093ACD1 /* Release */ = {
			isa = XCBuildConfiguration;
			buildSettings = {
				ASSETCATALOG_COMPILER_APPICON_NAME = AppIcon;
				ASSETCATALOG_COMPILER_GLOBAL_ACCENT_COLOR_NAME = AccentColor;
				CODE_SIGN_STYLE = Automatic;
				CURRENT_PROJECT_VERSION = 1;
				DEVELOPMENT_ASSET_PATHS = "\"visual/Preview Content\"";
				ENABLE_PREVIEWS = YES;
				GENERATE_INFOPLIST_FILE = YES;
				INFOPLIST_KEY_UIApplicationSceneManifest_Generation = YES;
				INFOPLIST_KEY_UIApplicationSupportsIndirectInputEvents = YES;
				INFOPLIST_KEY_UILaunchScreen_Generation = YES;
				INFOPLIST_KEY_UISupportedInterfaceOrientations_iPad = "UIInterfaceOrientationPortrait UIInterfaceOrientationPortraitUpsideDown UIInterfaceOrientationLandscapeLeft UIInterfaceOrientationLandscapeRight";
				INFOPLIST_KEY_UISupportedInterfaceOrientations_iPhone = "UIInterfaceOrientationPortrait UIInterfaceOrientationLandscapeLeft UIInterfaceOrientationLandscapeRight";
				LD_RUNPATH_SEARCH_PATHS = (
					"$(inherited)",
					"@executable_path/Frameworks",
				);
				MARKETING_VERSION = 1.0;
				PRODUCT_BUNDLE_IDENTIFIER = com.br.GabrielTavares.visual;
				PRODUCT_NAME = "$(TARGET_NAME)";
				SWIFT_EMIT_LOC_STRINGS = YES;
				SWIFT_VERSION = 5.0;
				TARGETED_DEVICE_FAMILY = "1,2";
			};
			name = Release;
		};
/* End XCBuildConfiguration section */

/* Begin XCConfigurationList section */
		C31E1A3A2E3140150093ACD1 /* Build configuration list for PBXProject "visual" */ = {
			isa = XCConfigurationList;
			buildConfigurations = (
				C31E1A4B2E3140170093ACD1 /* Debug */,
				C31E1A4C2E3140170093ACD1 /* Release */,
			);
			defaultConfigurationIsVisible = 0;
			defaultConfigurationName = Release;
		};
		C31E1A4D2E3140170093ACD1 /* Build configuration list for PBXNativeTarget "visual" */ = {
			isa = XCConfigurationList;
			buildConfigurations = (
				C31E1A4E2E3140170093ACD1 /* Debug */,
				C31E1A4F2E3140170093ACD1 /* Release */,
			);
			defaultConfigurationIsVisible = 0;
			defaultConfigurationName = Release;
		};
/* End XCConfigurationList section */
	};
	rootObject = C31E1A372E3140150093ACD1 /* Project object */;
}
